
Microsoft Visual Studio Solution File, Format Version 12.00
# Visual Studio Version 17
VisualStudioVersion = 17.10.35027.167
MinimumVisualStudioVersion = 10.0.40219.1
Project("{FAE04EC0-301F-11D3-BF4B-00C04F79EFBC}") = "AbsoluteValueSort", "AbsoluteValueSort\AbsoluteValueSort.csproj", "{9946A88C-22EF-452B-82A3-0382245CEE5F}"
EndProject
Project("{FAE04EC0-301F-11D3-BF4B-00C04F79EFBC}") = "AbsoluteValuesSort.Test", "AbsoluteValuesSort.Test\AbsoluteValuesSort.Test.csproj", "{56121171-8E71-413D-B551-1B819FA22F9C}"
EndProject
Global
	GlobalSection(SolutionConfigurationPlatforms) = preSolution
		Debug|Any CPU = Debug|Any CPU
		Release|Any CPU = Release|Any CPU
	EndGlobalSection
	GlobalSection(ProjectConfigurationPlatforms) = postSolution
		{9946A88C-22EF-452B-82A3-0382245CEE5F}.Debug|Any CPU.ActiveCfg = Debug|Any CPU
		{9946A88C-22EF-452B-82A3-0382245CEE5F}.Debug|Any CPU.Build.0 = Debug|Any CPU
		{9946A88C-22EF-452B-82A3-0382245CEE5F}.Release|Any CPU.ActiveCfg = Release|Any CPU
		{9946A88C-22EF-452B-82A3-0382245CEE5F}.Release|Any CPU.Build.0 = Release|Any CPU
		{56121171-8E71-413D-B551-1B819FA22F9C}.Debug|Any CPU.ActiveCfg = Debug|Any CPU
		{56121171-8E71-413D-B551-1B819FA22F9C}.Debug|Any CPU.Build.0 = Debug|Any CPU
		{56121171-8E71-413D-B551-1B819FA22F9C}.Release|Any CPU.ActiveCfg = Release|Any CPU
		{56121171-8E71-413D-B551-1B819FA22F9C}.Release|Any CPU.Build.0 = Release|Any CPU
	EndGlobalSection
	GlobalSection(SolutionProperties) = preSolution
		HideSolutionNode = FALSE
	EndGlobalSection
	GlobalSection(ExtensibilityGlobals) = postSolution
		SolutionGuid = {316E4C5A-71ED-45F4-9A81-1025A6E123E3}
	EndGlobalSection
EndGlobal
